
Microsoft Visual Studio Solution File, Format Version 12.00
# Visual Studio Version 17
VisualStudioVersion = 17.5.33424.131
MinimumVisualStudioVersion = 10.0.40219.1
Project("{FAE04EC0-301F-11D3-BF4B-00C04F79EFBC}") = "Matrix5X3Coluna3Media1e2", "Matrix5X3Coluna3Media1e2\Matrix5X3Coluna3Media1e2.csproj", "{2A30BCED-F998-4F5B-9667-BA08CE89835F}"
EndProject
Global
	GlobalSection(SolutionConfigurationPlatforms) = preSolution
		Debug|Any CPU = Debug|Any CPU
		Release|Any CPU = Release|Any CPU
	EndGlobalSection
	GlobalSection(ProjectConfigurationPlatforms) = postSolution
		{2A30BCED-F998-4F5B-9667-BA08CE89835F}.Debug|Any CPU.ActiveCfg = Debug|Any CPU
		{2A30BCED-F998-4F5B-9667-BA08CE89835F}.Debug|Any CPU.Build.0 = Debug|Any CPU
		{2A30BCED-F998-4F5B-9667-BA08CE89835F}.Release|Any CPU.ActiveCfg = Release|Any CPU
		{2A30BCED-F998-4F5B-9667-BA08CE89835F}.Release|Any CPU.Build.0 = Release|Any CPU
	EndGlobalSection
	GlobalSection(SolutionProperties) = preSolution
		HideSolutionNode = FALSE
	EndGlobalSection
	GlobalSection(ExtensibilityGlobals) = postSolution
		SolutionGuid = {291DAE72-9D92-43FC-ACF2-B344B906C7F3}
	EndGlobalSection
EndGlobal
